
Microsoft Visual Studio Solution File, Format Version 12.00
# Visual Studio Version 16
VisualStudioVersion = 16.0.31105.61
MinimumVisualStudioVersion = 10.0.40219.1
Project("{FAE04EC0-301F-11D3-BF4B-00C04F79EFBC}") = "Domain", "Domain\Domain.csproj", "{F491E463-6DA9-4E2E-8553-42E2E9DDC10C}"
EndProject
Project("{FAE04EC0-301F-11D3-BF4B-00C04F79EFBC}") = "Infrastructure", "Infrastructure\Infrastructure.csproj", "{F3859E02-7345-4E53-9869-41A2431ACD03}"
EndProject
Project("{FAE04EC0-301F-11D3-BF4B-00C04F79EFBC}") = "Api", "Api\Api.csproj", "{462D18A2-90C3-470D-9E5F-7EF0B5149B71}"
EndProject
Global
	GlobalSection(SolutionConfigurationPlatforms) = preSolution
		Debug|Any CPU = Debug|Any CPU
		Release|Any CPU = Release|Any CPU
	EndGlobalSection
	GlobalSection(ProjectConfigurationPlatforms) = postSolution
		{F491E463-6DA9-4E2E-8553-42E2E9DDC10C}.Debug|Any CPU.ActiveCfg = Debug|Any CPU
		{F491E463-6DA9-4E2E-8553-42E2E9DDC10C}.Debug|Any CPU.Build.0 = Debug|Any CPU
		{F491E463-6DA9-4E2E-8553-42E2E9DDC10C}.Release|Any CPU.ActiveCfg = Release|Any CPU
		{F491E463-6DA9-4E2E-8553-42E2E9DDC10C}.Release|Any CPU.Build.0 = Release|Any CPU
		{F3859E02-7345-4E53-9869-41A2431ACD03}.Debug|Any CPU.ActiveCfg = Debug|Any CPU
		{F3859E02-7345-4E53-9869-41A2431ACD03}.Debug|Any CPU.Build.0 = Debug|Any CPU
		{F3859E02-7345-4E53-9869-41A2431ACD03}.Release|Any CPU.ActiveCfg = Release|Any CPU
		{F3859E02-7345-4E53-9869-41A2431ACD03}.Release|Any CPU.Build.0 = Release|Any CPU
		{462D18A2-90C3-470D-9E5F-7EF0B5149B71}.Debug|Any CPU.ActiveCfg = Debug|Any CPU
		{462D18A2-90C3-470D-9E5F-7EF0B5149B71}.Debug|Any CPU.Build.0 = Debug|Any CPU
		{462D18A2-90C3-470D-9E5F-7EF0B5149B71}.Release|Any CPU.ActiveCfg = Release|Any CPU
		{462D18A2-90C3-470D-9E5F-7EF0B5149B71}.Release|Any CPU.Build.0 = Release|Any CPU
	EndGlobalSection
	GlobalSection(SolutionProperties) = preSolution
		HideSolutionNode = FALSE
	EndGlobalSection
	GlobalSection(ExtensibilityGlobals) = postSolution
		SolutionGuid = {D0A2E033-8ECD-4C33-80B7-74F43566E02B}
	EndGlobalSection
EndGlobal
